
Microsoft Visual Studio Solution File, Format Version 12.00
# Visual Studio Version 17
VisualStudioVersion = 17.7.34031.279
MinimumVisualStudioVersion = 10.0.40219.1
Project("{FAE04EC0-301F-11D3-BF4B-00C04F79EFBC}") = "Loop_demo", "Loop_demo.csproj", "{39014C22-8FA2-4B2A-96A8-D1207787960B}"
EndProject
Global
	GlobalSection(SolutionConfigurationPlatforms) = preSolution
		Debug|Any CPU = Debug|Any CPU
		Release|Any CPU = Release|Any CPU
	EndGlobalSection
	GlobalSection(ProjectConfigurationPlatforms) = postSolution
		{39014C22-8FA2-4B2A-96A8-D1207787960B}.Debug|Any CPU.ActiveCfg = Debug|Any CPU
		{39014C22-8FA2-4B2A-96A8-D1207787960B}.Debug|Any CPU.Build.0 = Debug|Any CPU
		{39014C22-8FA2-4B2A-96A8-D1207787960B}.Release|Any CPU.ActiveCfg = Release|Any CPU
		{39014C22-8FA2-4B2A-96A8-D1207787960B}.Release|Any CPU.Build.0 = Release|Any CPU
	EndGlobalSection
	GlobalSection(SolutionProperties) = preSolution
		HideSolutionNode = FALSE
	EndGlobalSection
	GlobalSection(ExtensibilityGlobals) = postSolution
		SolutionGuid = {73DD0A42-A969-4C29-A83C-163B29D3DF22}
	EndGlobalSection
EndGlobal
