
Microsoft Visual Studio Solution File, Format Version 12.00
# Visual Studio Version 17
VisualStudioVersion = 17.8.34322.80
MinimumVisualStudioVersion = 10.0.40219.1
Project("{FAE04EC0-301F-11D3-BF4B-00C04F79EFBC}") = "Shapes", "Shapes.csproj", "{31D9E5AB-0B41-4715-81F1-C11E0CB88439}"
EndProject
Global
	GlobalSection(SolutionConfigurationPlatforms) = preSolution
		Debug|Any CPU = Debug|Any CPU
		Release|Any CPU = Release|Any CPU
	EndGlobalSection
	GlobalSection(ProjectConfigurationPlatforms) = postSolution
		{31D9E5AB-0B41-4715-81F1-C11E0CB88439}.Debug|Any CPU.ActiveCfg = Debug|Any CPU
		{31D9E5AB-0B41-4715-81F1-C11E0CB88439}.Debug|Any CPU.Build.0 = Debug|Any CPU
		{31D9E5AB-0B41-4715-81F1-C11E0CB88439}.Release|Any CPU.ActiveCfg = Release|Any CPU
		{31D9E5AB-0B41-4715-81F1-C11E0CB88439}.Release|Any CPU.Build.0 = Release|Any CPU
	EndGlobalSection
	GlobalSection(SolutionProperties) = preSolution
		HideSolutionNode = FALSE
	EndGlobalSection
	GlobalSection(ExtensibilityGlobals) = postSolution
		SolutionGuid = {33578BCD-5022-4A8E-B46F-326CC6E50F36}
	EndGlobalSection
EndGlobal
